// !$*UTF8*$!
{
	archiveVersion = 1;
	classes = {
	};
	objectVersion = 46;
	objects = {

/* Begin PBXBuildFile section */
		824655CF1E4507C4000F8A81 /* GradientView.swift in Sources */ = {isa = PBXBuildFile; fileRef = 824655CE1E4507C4000F8A81 /* GradientView.swift */; };
		824655D11E456E8C000F8A81 /* BounceAnimationController.swift in Sources */ = {isa = PBXBuildFile; fileRef = 824655D01E456E8C000F8A81 /* BounceAnimationController.swift */; };
		824655D31E458590000F8A81 /* SlideOutAnimationController.swift in Sources */ = {isa = PBXBuildFile; fileRef = 824655D21E458590000F8A81 /* SlideOutAnimationController.swift */; };
		824656161E55493C000F8A81 /* LandscapeVC.swift in Sources */ = {isa = PBXBuildFile; fileRef = 824656151E55493C000F8A81 /* LandscapeVC.swift */; };
		824656181E5A3A60000F8A81 /* FadeOutAnimationController.swift in Sources */ = {isa = PBXBuildFile; fileRef = 824656171E5A3A60000F8A81 /* FadeOutAnimationController.swift */; };
		8246561A1E638912000F8A81 /* LandscapeVC+Ext.swift in Sources */ = {isa = PBXBuildFile; fileRef = 824656191E638912000F8A81 /* LandscapeVC+Ext.swift */; };
		8246561C1E65E428000F8A81 /* Locate.swift in Sources */ = {isa = PBXBuildFile; fileRef = 8246561B1E65E428000F8A81 /* Locate.swift */; };
		824AF71C1E33157300BCB925 /* AppDelegate.swift in Sources */ = {isa = PBXBuildFile; fileRef = 824AF71B1E33157300BCB925 /* AppDelegate.swift */; };
		824AF71E1E33157300BCB925 /* LocateVC.swift in Sources */ = {isa = PBXBuildFile; fileRef = 824AF71D1E33157300BCB925 /* LocateVC.swift */; };
		824AF7211E33157300BCB925 /* Main.storyboard in Resources */ = {isa = PBXBuildFile; fileRef = 824AF71F1E33157300BCB925 /* Main.storyboard */; };
		824AF7241E33157300BCB925 /* LocateThat.xcdatamodeld in Sources */ = {isa = PBXBuildFile; fileRef = 824AF7221E33157300BCB925 /* LocateThat.xcdatamodeld */; };
		824AF7261E33157300BCB925 /* Assets.xcassets in Resources */ = {isa = PBXBuildFile; fileRef = 824AF7251E33157300BCB925 /* Assets.xcassets */; };
		824AF7341E33157300BCB925 /* LocateThatTests.swift in Sources */ = {isa = PBXBuildFile; fileRef = 824AF7331E33157300BCB925 /* LocateThatTests.swift */; };
		824AF73F1E33157300BCB925 /* LocateThatUITests.swift in Sources */ = {isa = PBXBuildFile; fileRef = 824AF73E1E33157300BCB925 /* LocateThatUITests.swift */; };
		824AF7551E33248400BCB925 /* LocateVC+Ext.swift in Sources */ = {isa = PBXBuildFile; fileRef = 824AF7541E33248400BCB925 /* LocateVC+Ext.swift */; };
		824AF7571E334B6400BCB925 /* LocateResult.swift in Sources */ = {isa = PBXBuildFile; fileRef = 824AF7561E334B6400BCB925 /* LocateResult.swift */; };
		824AF7591E37291900BCB925 /* LocateResultCell.xib in Resources */ = {isa = PBXBuildFile; fileRef = 824AF7581E37291900BCB925 /* LocateResultCell.xib */; };
		824AF75B1E372F8700BCB925 /* LocateResultCell.swift in Sources */ = {isa = PBXBuildFile; fileRef = 824AF75A1E372F8700BCB925 /* LocateResultCell.swift */; };
		82F919491E410B80008F1695 /* DetailVC.swift in Sources */ = {isa = PBXBuildFile; fileRef = 82F919481E410B80008F1695 /* DetailVC.swift */; };
		82F9194B1E4114C6008F1695 /* DimmingPresentationController.swift in Sources */ = {isa = PBXBuildFile; fileRef = 82F9194A1E4114C6008F1695 /* DimmingPresentationController.swift */; };
		82F9194D1E41160A008F1695 /* DetailVC+Ext.swift in Sources */ = {isa = PBXBuildFile; fileRef = 82F9194C1E41160A008F1695 /* DetailVC+Ext.swift */; };
		82FBBDAB1E386FA900A3F750 /* NothingFoundCell.xib in Resources */ = {isa = PBXBuildFile; fileRef = 82FBBDAA1E386FA900A3F750 /* NothingFoundCell.xib */; };
		82FBBDAD1E39BEE300A3F750 /* data.json in Resources */ = {isa = PBXBuildFile; fileRef = 82FBBDAC1E39BEE300A3F750 /* data.json */; };
		82FBBDAF1E3D1AAD00A3F750 /* LoadingCell.xib in Resources */ = {isa = PBXBuildFile; fileRef = 82FBBDAE1E3D1AAD00A3F750 /* LoadingCell.xib */; };
		82FBBDB31E40F2A900A3F750 /* UIImageView+DownloadImage.swift in Sources */ = {isa = PBXBuildFile; fileRef = 82FBBDB21E40F2A900A3F750 /* UIImageView+DownloadImage.swift */; };
/* End PBXBuildFile section */

/* Begin PBXContainerItemProxy section */
		824AF7301E33157300BCB925 /* PBXContainerItemProxy */ = {
			isa = PBXContainerItemProxy;
			containerPortal = 824AF7101E33157300BCB925 /* Project object */;
			proxyType = 1;
			remoteGlobalIDString = 824AF7171E33157300BCB925;
			remoteInfo = LocateThat;
		};
		824AF73B1E33157300BCB925 /* PBXContainerItemProxy */ = {
			isa = PBXContainerItemProxy;
			containerPortal = 824AF7101E33157300BCB925 /* Project object */;
			proxyType = 1;
			remoteGlobalIDString = 824AF7171E33157300BCB925;
			remoteInfo = LocateThat;
		};
/* End PBXContainerItemProxy section */

/* Begin PBXFileReference section */
		824655CE1E4507C4000F8A81 /* GradientView.swift */ = {isa = PBXFileReference; fileEncoding = 4; lastKnownFileType = sourcecode.swift; path = GradientView.swift; sourceTree = "<group>"; };
		824655D01E456E8C000F8A81 /* BounceAnimationController.swift */ = {isa = PBXFileReference; fileEncoding = 4; lastKnownFileType = sourcecode.swift; path = BounceAnimationController.swift; sourceTree = "<group>"; };
		824655D21E458590000F8A81 /* SlideOutAnimationController.swift */ = {isa = PBXFileReference; fileEncoding = 4; lastKnownFileType = sourcecode.swift; path = SlideOutAnimationController.swift; sourceTree = "<group>"; };
		824656151E55493C000F8A81 /* LandscapeVC.swift */ = {isa = PBXFileReference; fileEncoding = 4; lastKnownFileType = sourcecode.swift; path = LandscapeVC.swift; sourceTree = "<group>"; };
		824656171E5A3A60000F8A81 /* FadeOutAnimationController.swift */ = {isa = PBXFileReference; fileEncoding = 4; lastKnownFileType = sourcecode.swift; path = FadeOutAnimationController.swift; sourceTree = "<group>"; };
		824656191E638912000F8A81 /* LandscapeVC+Ext.swift */ = {isa = PBXFileReference; fileEncoding = 4; lastKnownFileType = sourcecode.swift; path = "LandscapeVC+Ext.swift"; sourceTree = "<group>"; };
		8246561B1E65E428000F8A81 /* Locate.swift */ = {isa = PBXFileReference; fileEncoding = 4; lastKnownFileType = sourcecode.swift; path = Locate.swift; sourceTree = "<group>"; };
		824AF7181E33157300BCB925 /* LocateThat.app */ = {isa = PBXFileReference; explicitFileType = wrapper.application; includeInIndex = 0; path = LocateThat.app; sourceTree = BUILT_PRODUCTS_DIR; };
		824AF71B1E33157300BCB925 /* AppDelegate.swift */ = {isa = PBXFileReference; lastKnownFileType = sourcecode.swift; path = AppDelegate.swift; sourceTree = "<group>"; };
		824AF71D1E33157300BCB925 /* LocateVC.swift */ = {isa = PBXFileReference; lastKnownFileType = sourcecode.swift; path = LocateVC.swift; sourceTree = "<group>"; };
		824AF7201E33157300BCB925 /* Base */ = {isa = PBXFileReference; lastKnownFileType = file.storyboard; name = Base; path = Base.lproj/Main.storyboard; sourceTree = "<group>"; };
		824AF7231E33157300BCB925 /* LocateThat.xcdatamodel */ = {isa = PBXFileReference; lastKnownFileType = wrapper.xcdatamodel; path = LocateThat.xcdatamodel; sourceTree = "<group>"; };
		824AF7251E33157300BCB925 /* Assets.xcassets */ = {isa = PBXFileReference; lastKnownFileType = folder.assetcatalog; path = Assets.xcassets; sourceTree = "<group>"; };
		824AF72A1E33157300BCB925 /* Info.plist */ = {isa = PBXFileReference; lastKnownFileType = text.plist.xml; path = Info.plist; sourceTree = "<group>"; };
		824AF72F1E33157300BCB925 /* LocateThatTests.xctest */ = {isa = PBXFileReference; explicitFileType = wrapper.cfbundle; includeInIndex = 0; path = LocateThatTests.xctest; sourceTree = BUILT_PRODUCTS_DIR; };
		824AF7331E33157300BCB925 /* LocateThatTests.swift */ = {isa = PBXFileReference; lastKnownFileType = sourcecode.swift; path = LocateThatTests.swift; sourceTree = "<group>"; };
		824AF7351E33157300BCB925 /* Info.plist */ = {isa = PBXFileReference; lastKnownFileType = text.plist.xml; path = Info.plist; sourceTree = "<group>"; };
		824AF73A1E33157300BCB925 /* LocateThatUITests.xctest */ = {isa = PBXFileReference; explicitFileType = wrapper.cfbundle; includeInIndex = 0; path = LocateThatUITests.xctest; sourceTree = BUILT_PRODUCTS_DIR; };
		824AF73E1E33157300BCB925 /* LocateThatUITests.swift */ = {isa = PBXFileReference; lastKnownFileType = sourcecode.swift; path = LocateThatUITests.swift; sourceTree = "<group>"; };
		824AF7401E33157300BCB925 /* Info.plist */ = {isa = PBXFileReference; lastKnownFileType = text.plist.xml; path = Info.plist; sourceTree = "<group>"; };
		824AF7541E33248400BCB925 /* LocateVC+Ext.swift */ = {isa = PBXFileReference; fileEncoding = 4; lastKnownFileType = sourcecode.swift; path = "LocateVC+Ext.swift"; sourceTree = "<group>"; };
		824AF7561E334B6400BCB925 /* LocateResult.swift */ = {isa = PBXFileReference; fileEncoding = 4; lastKnownFileType = sourcecode.swift; path = LocateResult.swift; sourceTree = "<group>"; };
		824AF7581E37291900BCB925 /* LocateResultCell.xib */ = {isa = PBXFileReference; fileEncoding = 4; lastKnownFileType = file.xib; path = LocateResultCell.xib; sourceTree = "<group>"; };
		824AF75A1E372F8700BCB925 /* LocateResultCell.swift */ = {isa = PBXFileReference; fileEncoding = 4; lastKnownFileType = sourcecode.swift; path = LocateResultCell.swift; sourceTree = "<group>"; };
		82F919481E410B80008F1695 /* DetailVC.swift */ = {isa = PBXFileReference; fileEncoding = 4; lastKnownFileType = sourcecode.swift; path = DetailVC.swift; sourceTree = "<group>"; };
		82F9194A1E4114C6008F1695 /* DimmingPresentationController.swift */ = {isa = PBXFileReference; fileEncoding = 4; lastKnownFileType = sourcecode.swift; path = DimmingPresentationController.swift; sourceTree = "<group>"; };
		82F9194C1E41160A008F1695 /* DetailVC+Ext.swift */ = {isa = PBXFileReference; fileEncoding = 4; lastKnownFileType = sourcecode.swift; path = "DetailVC+Ext.swift"; sourceTree = "<group>"; };
		82FBBDAA1E386FA900A3F750 /* NothingFoundCell.xib */ = {isa = PBXFileReference; fileEncoding = 4; lastKnownFileType = file.xib; path = NothingFoundCell.xib; sourceTree = "<group>"; };
		82FBBDAC1E39BEE300A3F750 /* data.json */ = {isa = PBXFileReference; fileEncoding = 4; lastKnownFileType = text.json; path = data.json; sourceTree = "<group>"; };
		82FBBDAE1E3D1AAD00A3F750 /* LoadingCell.xib */ = {isa = PBXFileReference; fileEncoding = 4; lastKnownFileType = file.xib; path = LoadingCell.xib; sourceTree = "<group>"; };
		82FBBDB21E40F2A900A3F750 /* UIImageView+DownloadImage.swift */ = {isa = PBXFileReference; fileEncoding = 4; lastKnownFileType = sourcecode.swift; path = "UIImageView+DownloadImage.swift"; sourceTree = "<group>"; };
/* End PBXFileReference section */

/* Begin PBXFrameworksBuildPhase section */
		824AF7151E33157300BCB925 /* Frameworks */ = {
			isa = PBXFrameworksBuildPhase;
			buildActionMask = 2147483647;
			files = (
			);
			runOnlyForDeploymentPostprocessing = 0;
		};
		824AF72C1E33157300BCB925 /* Frameworks */ = {
			isa = PBXFrameworksBuildPhase;
			buildActionMask = 2147483647;
			files = (
			);
			runOnlyForDeploymentPostprocessing = 0;
		};
		824AF7371E33157300BCB925 /* Frameworks */ = {
			isa = PBXFrameworksBuildPhase;
			buildActionMask = 2147483647;
			files = (
			);
			runOnlyForDeploymentPostprocessing = 0;
		};
/* End PBXFrameworksBuildPhase section */

/* Begin PBXGroup section */
		824AF70F1E33157300BCB925 = {
			isa = PBXGroup;
			children = (
				824AF71A1E33157300BCB925 /* LocateThat */,
				824AF7321E33157300BCB925 /* LocateThatTests */,
				824AF73D1E33157300BCB925 /* LocateThatUITests */,
				824AF7191E33157300BCB925 /* Products */,
			);
			sourceTree = "<group>";
		};
		824AF7191E33157300BCB925 /* Products */ = {
			isa = PBXGroup;
			children = (
				824AF7181E33157300BCB925 /* LocateThat.app */,
				824AF72F1E33157300BCB925 /* LocateThatTests.xctest */,
				824AF73A1E33157300BCB925 /* LocateThatUITests.xctest */,
			);
			name = Products;
			sourceTree = "<group>";
		};
		824AF71A1E33157300BCB925 /* LocateThat */ = {
			isa = PBXGroup;
			children = (
				824AF74E1E33163500BCB925 /* Model */,
				824AF74D1E33163000BCB925 /* View */,
				824AF74C1E33162A00BCB925 /* Controller */,
				824AF74F1E33163B00BCB925 /* Util */,
				824AF7501E33164200BCB925 /* Resources */,
			);
			path = LocateThat;
			sourceTree = "<group>";
		};
		824AF7321E33157300BCB925 /* LocateThatTests */ = {
			isa = PBXGroup;
			children = (
				824AF7331E33157300BCB925 /* LocateThatTests.swift */,
				824AF7351E33157300BCB925 /* Info.plist */,
			);
			path = LocateThatTests;
			sourceTree = "<group>";
		};
		824AF73D1E33157300BCB925 /* LocateThatUITests */ = {
			isa = PBXGroup;
			children = (
				824AF73E1E33157300BCB925 /* LocateThatUITests.swift */,
				824AF7401E33157300BCB925 /* Info.plist */,
			);
			path = LocateThatUITests;
			sourceTree = "<group>";
		};
		824AF74C1E33162A00BCB925 /* Controller */ = {
			isa = PBXGroup;
			children = (
				824AF71D1E33157300BCB925 /* LocateVC.swift */,
				82F919481E410B80008F1695 /* DetailVC.swift */,
				824656151E55493C000F8A81 /* LandscapeVC.swift */,
				824AF7531E33242500BCB925 /* Extension */,
			);
			name = Controller;
			sourceTree = "<group>";
		};
		824AF74D1E33163000BCB925 /* View */ = {
			isa = PBXGroup;
			children = (
				824AF75A1E372F8700BCB925 /* LocateResultCell.swift */,
				824655CE1E4507C4000F8A81 /* GradientView.swift */,
				824655D01E456E8C000F8A81 /* BounceAnimationController.swift */,
				82F9194A1E4114C6008F1695 /* DimmingPresentationController.swift */,
				824655D21E458590000F8A81 /* SlideOutAnimationController.swift */,
				824656171E5A3A60000F8A81 /* FadeOutAnimationController.swift */,
				824AF7511E33164B00BCB925 /* Storyboard/Xib */,
			);
			name = View;
			sourceTree = "<group>";
		};
		824AF74E1E33163500BCB925 /* Model */ = {
			isa = PBXGroup;
			children = (
				824AF7561E334B6400BCB925 /* LocateResult.swift */,
				8246561B1E65E428000F8A81 /* Locate.swift */,
				82FBBDB21E40F2A900A3F750 /* UIImageView+DownloadImage.swift */,
				824AF7521E33168700BCB925 /* CoreData */,
			);
			name = Model;
			sourceTree = "<group>";
		};
		824AF74F1E33163B00BCB925 /* Util */ = {
			isa = PBXGroup;
			children = (
				824AF72A1E33157300BCB925 /* Info.plist */,
				82FBBDAC1E39BEE300A3F750 /* data.json */,
			);
			name = Util;
			sourceTree = "<group>";
		};
		824AF7501E33164200BCB925 /* Resources */ = {
			isa = PBXGroup;
			children = (
				824AF71B1E33157300BCB925 /* AppDelegate.swift */,
				824AF7251E33157300BCB925 /* Assets.xcassets */,
			);
			name = Resources;
			sourceTree = "<group>";
		};
		824AF7511E33164B00BCB925 /* Storyboard/Xib */ = {
			isa = PBXGroup;
			children = (
				824AF71F1E33157300BCB925 /* Main.storyboard */,
				824AF7581E37291900BCB925 /* LocateResultCell.xib */,
				82FBBDAA1E386FA900A3F750 /* NothingFoundCell.xib */,
				82FBBDAE1E3D1AAD00A3F750 /* LoadingCell.xib */,
			);
			name = Storyboard/Xib;
			sourceTree = "<group>";
		};
		824AF7521E33168700BCB925 /* CoreData */ = {
			isa = PBXGroup;
			children = (
				824AF7221E33157300BCB925 /* LocateThat.xcdatamodeld */,
			);
			name = CoreData;
			sourceTree = "<group>";
		};
		824AF7531E33242500BCB925 /* Extension */ = {
			isa = PBXGroup;
			children = (
				824AF7541E33248400BCB925 /* LocateVC+Ext.swift */,
				82F9194C1E41160A008F1695 /* DetailVC+Ext.swift */,
				824656191E638912000F8A81 /* LandscapeVC+Ext.swift */,
			);
			name = Extension;
			sourceTree = "<group>";
		};
/* End PBXGroup section */

/* Begin PBXNativeTarget section */
		824AF7171E33157300BCB925 /* LocateThat */ = {
			isa = PBXNativeTarget;
			buildConfigurationList = 824AF7431E33157300BCB925 /* Build configuration list for PBXNativeTarget "LocateThat" */;
			buildPhases = (
				824AF7141E33157300BCB925 /* Sources */,
				824AF7151E33157300BCB925 /* Frameworks */,
				824AF7161E33157300BCB925 /* Resources */,
			);
			buildRules = (
			);
			dependencies = (
			);
			name = LocateThat;
			productName = LocateThat;
			productReference = 824AF7181E33157300BCB925 /* LocateThat.app */;
			productType = "com.apple.product-type.application";
		};
		824AF72E1E33157300BCB925 /* LocateThatTests */ = {
			isa = PBXNativeTarget;
			buildConfigurationList = 824AF7461E33157300BCB925 /* Build configuration list for PBXNativeTarget "LocateThatTests" */;
			buildPhases = (
				824AF72B1E33157300BCB925 /* Sources */,
				824AF72C1E33157300BCB925 /* Frameworks */,
				824AF72D1E33157300BCB925 /* Resources */,
			);
			buildRules = (
			);
			dependencies = (
				824AF7311E33157300BCB925 /* PBXTargetDependency */,
			);
			name = LocateThatTests;
			productName = LocateThatTests;
			productReference = 824AF72F1E33157300BCB925 /* LocateThatTests.xctest */;
			productType = "com.apple.product-type.bundle.unit-test";
		};
		824AF7391E33157300BCB925 /* LocateThatUITests */ = {
			isa = PBXNativeTarget;
			buildConfigurationList = 824AF7491E33157300BCB925 /* Build configuration list for PBXNativeTarget "LocateThatUITests" */;
			buildPhases = (
				824AF7361E33157300BCB925 /* Sources */,
				824AF7371E33157300BCB925 /* Frameworks */,
				824AF7381E33157300BCB925 /* Resources */,
			);
			buildRules = (
			);
			dependencies = (
				824AF73C1E33157300BCB925 /* PBXTargetDependency */,
			);
			name = LocateThatUITests;
			productName = LocateThatUITests;
			productReference = 824AF73A1E33157300BCB925 /* LocateThatUITests.xctest */;
			productType = "com.apple.product-type.bundle.ui-testing";
		};
/* End PBXNativeTarget section */

/* Begin PBXProject section */
		824AF7101E33157300BCB925 /* Project object */ = {
			isa = PBXProject;
			attributes = {
				LastSwiftUpdateCheck = 0820;
				LastUpgradeCheck = 0820;
				ORGANIZATIONNAME = "Michael De La Cruz";
				TargetAttributes = {
					824AF7171E33157300BCB925 = {
						CreatedOnToolsVersion = 8.2.1;
						DevelopmentTeam = UP5S927B5L;
						ProvisioningStyle = Automatic;
					};
					824AF72E1E33157300BCB925 = {
						CreatedOnToolsVersion = 8.2.1;
						DevelopmentTeam = UP5S927B5L;
						ProvisioningStyle = Automatic;
						TestTargetID = 824AF7171E33157300BCB925;
					};
					824AF7391E33157300BCB925 = {
						CreatedOnToolsVersion = 8.2.1;
						DevelopmentTeam = UP5S927B5L;
						ProvisioningStyle = Automatic;
						TestTargetID = 824AF7171E33157300BCB925;
					};
				};
			};
			buildConfigurationList = 824AF7131E33157300BCB925 /* Build configuration list for PBXProject "LocateThat" */;
			compatibilityVersion = "Xcode 3.2";
			developmentRegion = English;
			hasScannedForEncodings = 0;
			knownRegions = (
				en,
				Base,
			);
			mainGroup = 824AF70F1E33157300BCB925;
			productRefGroup = 824AF7191E33157300BCB925 /* Products */;
			projectDirPath = "";
			projectRoot = "";
			targets = (
				824AF7171E33157300BCB925 /* LocateThat */,
				824AF72E1E33157300BCB925 /* LocateThatTests */,
				824AF7391E33157300BCB925 /* LocateThatUITests */,
			);
		};
/* End PBXProject section */

/* Begin PBXResourcesBuildPhase section */
		824AF7161E33157300BCB925 /* Resources */ = {
			isa = PBXResourcesBuildPhase;
			buildActionMask = 2147483647;
			files = (
				82FBBDAF1E3D1AAD00A3F750 /* LoadingCell.xib in Resources */,
				824AF7591E37291900BCB925 /* LocateResultCell.xib in Resources */,
				82FBBDAD1E39BEE300A3F750 /* data.json in Resources */,
				824AF7261E33157300BCB925 /* Assets.xcassets in Resources */,
				82FBBDAB1E386FA900A3F750 /* NothingFoundCell.xib in Resources */,
				824AF7211E33157300BCB925 /* Main.storyboard in Resources */,
			);
			runOnlyForDeploymentPostprocessing = 0;
		};
		824AF72D1E33157300BCB925 /* Resources */ = {
			isa = PBXResourcesBuildPhase;
			buildActionMask = 2147483647;
			files = (
			);
			runOnlyForDeploymentPostprocessing = 0;
		};
		824AF7381E33157300BCB925 /* Resources */ = {
			isa = PBXResourcesBuildPhase;
			buildActionMask = 2147483647;
			files = (
			);
			runOnlyForDeploymentPostprocessing = 0;
		};
/* End PBXResourcesBuildPhase section */

/* Begin PBXSourcesBuildPhase section */
		824AF7141E33157300BCB925 /* Sources */ = {
			isa = PBXSourcesBuildPhase;
			buildActionMask = 2147483647;
			files = (
				8246561A1E638912000F8A81 /* LandscapeVC+Ext.swift in Sources */,
				82FBBDB31E40F2A900A3F750 /* UIImageView+DownloadImage.swift in Sources */,
				824AF7571E334B6400BCB925 /* LocateResult.swift in Sources */,
				824655CF1E4507C4000F8A81 /* GradientView.swift in Sources */,
				824AF7241E33157300BCB925 /* LocateThat.xcdatamodeld in Sources */,
				82F9194D1E41160A008F1695 /* DetailVC+Ext.swift in Sources */,
				824655D31E458590000F8A81 /* SlideOutAnimationController.swift in Sources */,
				824656161E55493C000F8A81 /* LandscapeVC.swift in Sources */,
				824AF75B1E372F8700BCB925 /* LocateResultCell.swift in Sources */,
				824AF71E1E33157300BCB925 /* LocateVC.swift in Sources */,
				82F919491E410B80008F1695 /* DetailVC.swift in Sources */,
				824AF7551E33248400BCB925 /* LocateVC+Ext.swift in Sources */,
				824656181E5A3A60000F8A81 /* FadeOutAnimationController.swift in Sources */,
				824AF71C1E33157300BCB925 /* AppDelegate.swift in Sources */,
				8246561C1E65E428000F8A81 /* Locate.swift in Sources */,
				824655D11E456E8C000F8A81 /* BounceAnimationController.swift in Sources */,
				82F9194B1E4114C6008F1695 /* DimmingPresentationController.swift in Sources */,
			);
			runOnlyForDeploymentPostprocessing = 0;
		};
		824AF72B1E33157300BCB925 /* Sources */ = {
			isa = PBXSourcesBuildPhase;
			buildActionMask = 2147483647;
			files = (
				824AF7341E33157300BCB925 /* LocateThatTests.swift in Sources */,
			);
			runOnlyForDeploymentPostprocessing = 0;
		};
		824AF7361E33157300BCB925 /* Sources */ = {
			isa = PBXSourcesBuildPhase;
			buildActionMask = 2147483647;
			files = (
				824AF73F1E33157300BCB925 /* LocateThatUITests.swift in Sources */,
			);
			runOnlyForDeploymentPostprocessing = 0;
		};
/* End PBXSourcesBuildPhase section */

/* Begin PBXTargetDependency section */
		824AF7311E33157300BCB925 /* PBXTargetDependency */ = {
			isa = PBXTargetDependency;
			target = 824AF7171E33157300BCB925 /* LocateThat */;
			targetProxy = 824AF7301E33157300BCB925 /* PBXContainerItemProxy */;
		};
		824AF73C1E33157300BCB925 /* PBXTargetDependency */ = {
			isa = PBXTargetDependency;
			target = 824AF7171E33157300BCB925 /* LocateThat */;
			targetProxy = 824AF73B1E33157300BCB925 /* PBXContainerItemProxy */;
		};
/* End PBXTargetDependency section */

/* Begin PBXVariantGroup section */
		824AF71F1E33157300BCB925 /* Main.storyboard */ = {
			isa = PBXVariantGroup;
			children = (
				824AF7201E33157300BCB925 /* Base */,
			);
			name = Main.storyboard;
			sourceTree = "<group>";
		};
/* End PBXVariantGroup section */

/* Begin XCBuildConfiguration section */
		824AF7411E33157300BCB925 /* Debug */ = {
			isa = XCBuildConfiguration;
			buildSettings = {
				ALWAYS_SEARCH_USER_PATHS = NO;
				CLANG_ANALYZER_NONNULL = YES;
				CLANG_CXX_LANGUAGE_STANDARD = "gnu++0x";
				CLANG_CXX_LIBRARY = "libc++";
				CLANG_ENABLE_MODULES = YES;
				CLANG_ENABLE_OBJC_ARC = YES;
				CLANG_WARN_BOOL_CONVERSION = YES;
				CLANG_WARN_CONSTANT_CONVERSION = YES;
				CLANG_WARN_DIRECT_OBJC_ISA_USAGE = YES_ERROR;
				CLANG_WARN_DOCUMENTATION_COMMENTS = YES;
				CLANG_WARN_EMPTY_BODY = YES;
				CLANG_WARN_ENUM_CONVERSION = YES;
				CLANG_WARN_INFINITE_RECURSION = YES;
				CLANG_WARN_INT_CONVERSION = YES;
				CLANG_WARN_OBJC_ROOT_CLASS = YES_ERROR;
				CLANG_WARN_SUSPICIOUS_MOVE = YES;
				CLANG_WARN_UNREACHABLE_CODE = YES;
				CLANG_WARN__DUPLICATE_METHOD_MATCH = YES;
				"CODE_SIGN_IDENTITY[sdk=iphoneos*]" = "iPhone Developer";
				COPY_PHASE_STRIP = NO;
				DEBUG_INFORMATION_FORMAT = dwarf;
				ENABLE_STRICT_OBJC_MSGSEND = YES;
				ENABLE_TESTABILITY = YES;
				GCC_C_LANGUAGE_STANDARD = gnu99;
				GCC_DYNAMIC_NO_PIC = NO;
				GCC_NO_COMMON_BLOCKS = YES;
				GCC_OPTIMIZATION_LEVEL = 0;
				GCC_PREPROCESSOR_DEFINITIONS = (
					"DEBUG=1",
					"$(inherited)",
				);
				GCC_WARN_64_TO_32_BIT_CONVERSION = YES;
				GCC_WARN_ABOUT_RETURN_TYPE = YES_ERROR;
				GCC_WARN_UNDECLARED_SELECTOR = YES;
				GCC_WARN_UNINITIALIZED_AUTOS = YES_AGGRESSIVE;
				GCC_WARN_UNUSED_FUNCTION = YES;
				GCC_WARN_UNUSED_VARIABLE = YES;
				IPHONEOS_DEPLOYMENT_TARGET = 10.2;
				MTL_ENABLE_DEBUG_INFO = YES;
				ONLY_ACTIVE_ARCH = YES;
				SDKROOT = iphoneos;
				SWIFT_ACTIVE_COMPILATION_CONDITIONS = DEBUG;
				SWIFT_OPTIMIZATION_LEVEL = "-Onone";
			};
			name = Debug;
		};
		824AF7421E33157300BCB925 /* Release */ = {
			isa = XCBuildConfiguration;
			buildSettings = {
				ALWAYS_SEARCH_USER_PATHS = NO;
				CLANG_ANALYZER_NONNULL = YES;
				CLANG_CXX_LANGUAGE_STANDARD = "gnu++0x";
				CLANG_CXX_LIBRARY = "libc++";
				CLANG_ENABLE_MODULES = YES;
				CLANG_ENABLE_OBJC_ARC = YES;
				CLANG_WARN_BOOL_CONVERSION = YES;
				CLANG_WARN_CONSTANT_CONVERSION = YES;
				CLANG_WARN_DIRECT_OBJC_ISA_USAGE = YES_ERROR;
				CLANG_WARN_DOCUMENTATION_COMMENTS = YES;
				CLANG_WARN_EMPTY_BODY = YES;
				CLANG_WARN_ENUM_CONVERSION = YES;
				CLANG_WARN_INFINITE_RECURSION = YES;
				CLANG_WARN_INT_CONVERSION = YES;
				CLANG_WARN_OBJC_ROOT_CLASS = YES_ERROR;
				CLANG_WARN_SUSPICIOUS_MOVE = YES;
				CLANG_WARN_UNREACHABLE_CODE = YES;
				CLANG_WARN__DUPLICATE_METHOD_MATCH = YES;
				"CODE_SIGN_IDENTITY[sdk=iphoneos*]" = "iPhone Developer";
				COPY_PHASE_STRIP = NO;
				DEBUG_INFORMATION_FORMAT = "dwarf-with-dsym";
				ENABLE_NS_ASSERTIONS = NO;
				ENABLE_STRICT_OBJC_MSGSEND = YES;
				GCC_C_LANGUAGE_STANDARD = gnu99;
				GCC_NO_COMMON_BLOCKS = YES;
				GCC_WARN_64_TO_32_BIT_CONVERSION = YES;
				GCC_WARN_ABOUT_RETURN_TYPE = YES_ERROR;
				GCC_WARN_UNDECLARED_SELECTOR = YES;
				GCC_WARN_UNINITIALIZED_AUTOS = YES_AGGRESSIVE;
				GCC_WARN_UNUSED_FUNCTION = YES;
				GCC_WARN_UNUSED_VARIABLE = YES;
				IPHONEOS_DEPLOYMENT_TARGET = 10.2;
				MTL_ENABLE_DEBUG_INFO = NO;
				SDKROOT = iphoneos;
				SWIFT_OPTIMIZATION_LEVEL = "-Owholemodule";
				VALIDATE_PRODUCT = YES;
			};
			name = Release;
		};
		824AF7441E33157300BCB925 /* Debug */ = {
			isa = XCBuildConfiguration;
			buildSettings = {
				ASSETCATALOG_COMPILER_APPICON_NAME = AppIcon;
				DEVELOPMENT_TEAM = UP5S927B5L;
				INFOPLIST_FILE = LocateThat/Info.plist;
				LD_RUNPATH_SEARCH_PATHS = "$(inherited) @executable_path/Frameworks";
				PRODUCT_BUNDLE_IDENTIFIER = MichaelD.LocateThat;
				PRODUCT_NAME = "$(TARGET_NAME)";
				SWIFT_VERSION = 3.0;
			};
			name = Debug;
		};
		824AF7451E33157300BCB925 /* Release */ = {
			isa = XCBuildConfiguration;
			buildSettings = {
				ASSETCATALOG_COMPILER_APPICON_NAME = AppIcon;
				DEVELOPMENT_TEAM = UP5S927B5L;
				INFOPLIST_FILE = LocateThat/Info.plist;
				LD_RUNPATH_SEARCH_PATHS = "$(inherited) @executable_path/Frameworks";
				PRODUCT_BUNDLE_IDENTIFIER = MichaelD.LocateThat;
				PRODUCT_NAME = "$(TARGET_NAME)";
				SWIFT_VERSION = 3.0;
			};
			name = Release;
		};
		824AF7471E33157300BCB925 /* Debug */ = {
			isa = XCBuildConfiguration;
			buildSettings = {
				ALWAYS_EMBED_SWIFT_STANDARD_LIBRARIES = YES;
				BUNDLE_LOADER = "$(TEST_HOST)";
				DEVELOPMENT_TEAM = UP5S927B5L;
				INFOPLIST_FILE = LocateThatTests/Info.plist;
				LD_RUNPATH_SEARCH_PATHS = "$(inherited) @executable_path/Frameworks @loader_path/Frameworks";
				PRODUCT_BUNDLE_IDENTIFIER = MichaelD.LocateThatTests;
				PRODUCT_NAME = "$(TARGET_NAME)";
				SWIFT_VERSION = 3.0;
				TEST_HOST = "$(BUILT_PRODUCTS_DIR)/LocateThat.app/LocateThat";
			};
			name = Debug;
		};
		824AF7481E33157300BCB925 /* Release */ = {
			isa = XCBuildConfiguration;
			buildSettings = {
				ALWAYS_EMBED_SWIFT_STANDARD_LIBRARIES = YES;
				BUNDLE_LOADER = "$(TEST_HOST)";
				DEVELOPMENT_TEAM = UP5S927B5L;
				INFOPLIST_FILE = LocateThatTests/Info.plist;
				LD_RUNPATH_SEARCH_PATHS = "$(inherited) @executable_path/Frameworks @loader_path/Frameworks";
				PRODUCT_BUNDLE_IDENTIFIER = MichaelD.LocateThatTests;
				PRODUCT_NAME = "$(TARGET_NAME)";
				SWIFT_VERSION = 3.0;
				TEST_HOST = "$(BUILT_PRODUCTS_DIR)/LocateThat.app/LocateThat";
			};
			name = Release;
		};
		824AF74A1E33157300BCB925 /* Debug */ = {
			isa = XCBuildConfiguration;
			buildSettings = {
				ALWAYS_EMBED_SWIFT_STANDARD_LIBRARIES = YES;
				DEVELOPMENT_TEAM = UP5S927B5L;
				INFOPLIST_FILE = LocateThatUITests/Info.plist;
				LD_RUNPATH_SEARCH_PATHS = "$(inherited) @executable_path/Frameworks @loader_path/Frameworks";
				PRODUCT_BUNDLE_IDENTIFIER = MichaelD.LocateThatUITests;
				PRODUCT_NAME = "$(TARGET_NAME)";
				SWIFT_VERSION = 3.0;
				TEST_TARGET_NAME = LocateThat;
			};
			name = Debug;
		};
		824AF74B1E33157300BCB925 /* Release */ = {
			isa = XCBuildConfiguration;
			buildSettings = {
				ALWAYS_EMBED_SWIFT_STANDARD_LIBRARIES = YES;
				DEVELOPMENT_TEAM = UP5S927B5L;
				INFOPLIST_FILE = LocateThatUITests/Info.plist;
				LD_RUNPATH_SEARCH_PATHS = "$(inherited) @executable_path/Frameworks @loader_path/Frameworks";
				PRODUCT_BUNDLE_IDENTIFIER = MichaelD.LocateThatUITests;
				PRODUCT_NAME = "$(TARGET_NAME)";
				SWIFT_VERSION = 3.0;
				TEST_TARGET_NAME = LocateThat;
			};
			name = Release;
		};
/* End XCBuildConfiguration section */

/* Begin XCConfigurationList section */
		824AF7131E33157300BCB925 /* Build configuration list for PBXProject "LocateThat" */ = {
			isa = XCConfigurationList;
			buildConfigurations = (
				824AF7411E33157300BCB925 /* Debug */,
				824AF7421E33157300BCB925 /* Release */,
			);
			defaultConfigurationIsVisible = 0;
			defaultConfigurationName = Release;
		};
		824AF7431E33157300BCB925 /* Build configuration list for PBXNativeTarget "LocateThat" */ = {
			isa = XCConfigurationList;
			buildConfigurations = (
				824AF7441E33157300BCB925 /* Debug */,
				824AF7451E33157300BCB925 /* Release */,
			);
			defaultConfigurationIsVisible = 0;
			defaultConfigurationName = Release;
		};
		824AF7461E33157300BCB925 /* Build configuration list for PBXNativeTarget "LocateThatTests" */ = {
			isa = XCConfigurationList;
			buildConfigurations = (
				824AF7471E33157300BCB925 /* Debug */,
				824AF7481E33157300BCB925 /* Release */,
			);
			defaultConfigurationIsVisible = 0;
			defaultConfigurationName = Release;
		};
		824AF7491E33157300BCB925 /* Build configuration list for PBXNativeTarget "LocateThatUITests" */ = {
			isa = XCConfigurationList;
			buildConfigurations = (
				824AF74A1E33157300BCB925 /* Debug */,
				824AF74B1E33157300BCB925 /* Release */,
			);
			defaultConfigurationIsVisible = 0;
			defaultConfigurationName = Release;
		};
/* End XCConfigurationList section */

/* Begin XCVersionGroup section */
		824AF7221E33157300BCB925 /* LocateThat.xcdatamodeld */ = {
			isa = XCVersionGroup;
			children = (
				824AF7231E33157300BCB925 /* LocateThat.xcdatamodel */,
			);
			currentVersion = 824AF7231E33157300BCB925 /* LocateThat.xcdatamodel */;
			path = LocateThat.xcdatamodeld;
			sourceTree = "<group>";
			versionGroupType = wrapper.xcdatamodel;
		};
/* End XCVersionGroup section */
	};
	rootObject = 824AF7101E33157300BCB925 /* Project object */;
}
